
Microsoft Visual Studio Solution File, Format Version 12.00
# Visual Studio Version 17
VisualStudioVersion = 17.5.33516.290
MinimumVisualStudioVersion = 10.0.40219.1
Project("{888888A0-9F3D-457C-B088-3A5042F75D52}") = "alurapython1", "alurapython1.pyproj", "{AB8DD236-0FF6-4CF8-BD17-4CCD7AB2E18C}"
EndProject
Global
	GlobalSection(SolutionConfigurationPlatforms) = preSolution
		Debug|Any CPU = Debug|Any CPU
		Release|Any CPU = Release|Any CPU
	EndGlobalSection
	GlobalSection(ProjectConfigurationPlatforms) = postSolution
		{AB8DD236-0FF6-4CF8-BD17-4CCD7AB2E18C}.Debug|Any CPU.ActiveCfg = Debug|Any CPU
		{AB8DD236-0FF6-4CF8-BD17-4CCD7AB2E18C}.Release|Any CPU.ActiveCfg = Release|Any CPU
	EndGlobalSection
	GlobalSection(SolutionProperties) = preSolution
		HideSolutionNode = FALSE
	EndGlobalSection
	GlobalSection(ExtensibilityGlobals) = postSolution
		SolutionGuid = {EA6254C2-B4E2-4EFB-899B-B992EA561C80}
	EndGlobalSection
EndGlobal
